
Microsoft Visual Studio Solution File, Format Version 12.00
# Visual Studio Version 17
VisualStudioVersion = 17.8.34316.72
MinimumVisualStudioVersion = 10.0.40219.1
Project("{9A19103F-16F7-4668-BE54-9A1E7A4F7556}") = "OPP", "OPP\OPP.csproj", "{68C0F902-7687-44E7-9190-6B57DC319254}"
EndProject
Project("{2150E333-8FDC-42A3-9474-1A3956D46DE8}") = "Abstraction", "Abstraction", "{76DD450F-4427-434B-A2D0-53BF0F77ECD3}"
EndProject
Project("{9A19103F-16F7-4668-BE54-9A1E7A4F7556}") = "AbstractClass", "AbstractClass\AbstractClass.csproj", "{1944C693-184F-4C87-91B5-44A922C0AD7A}"
EndProject
Project("{2150E333-8FDC-42A3-9474-1A3956D46DE8}") = "Encapsulation Access modifier", "Encapsulation Access modifier", "{7A8CE07B-681B-4FF3-B91C-E0E98173151D}"
EndProject
Project("{9A19103F-16F7-4668-BE54-9A1E7A4F7556}") = "AccessModify", "AccessModify\AccessModify.csproj", "{B6D98AD3-C318-49DC-9677-8F94BE63E62E}"
EndProject
Project("{9A19103F-16F7-4668-BE54-9A1E7A4F7556}") = "AccessModifyCont", "AccessModifyCont\AccessModifyCont.csproj", "{2F4CE0F1-EE6C-44BC-98FD-10C4829A6FF0}"
EndProject
Project("{2150E333-8FDC-42A3-9474-1A3956D46DE8}") = "Polymorphism", "Polymorphism", "{30D209E9-4E53-4C65-B03F-EF489906D39C}"
EndProject
Project("{9A19103F-16F7-4668-BE54-9A1E7A4F7556}") = "CalsPoly", "CalsPoly\CalsPoly.csproj", "{AF70BE80-717E-43F0-86D3-8F87582A7745}"
EndProject
Project("{9A19103F-16F7-4668-BE54-9A1E7A4F7556}") = "InterfaceCSharp", "InterfaceCSharp\InterfaceCSharp.csproj", "{BDB27C1D-19D7-44FA-8268-F67694F07D1B}"
EndProject
Project("{2150E333-8FDC-42A3-9474-1A3956D46DE8}") = "ListCSharp", "ListCSharp", "{566563D5-E6FF-4470-9221-1C2BCE6A54B7}"
EndProject
Project("{9A19103F-16F7-4668-BE54-9A1E7A4F7556}") = "ListandLinq", "ListandLinq\ListandLinq.csproj", "{4B109C69-83FD-4A13-B10B-E0A59B58B85A}"
EndProject
Project("{2150E333-8FDC-42A3-9474-1A3956D46DE8}") = "ExtensionMethod", "ExtensionMethod", "{C29A71D6-7A7F-4F28-B528-E30E63966403}"
EndProject
Project("{FAE04EC0-301F-11D3-BF4B-00C04F79EFBC}") = "ReviewExtensionMethod", "ReviewExtensionMethod\ReviewExtensionMethod.csproj", "{B95C5419-2A29-4AB1-933B-E1896F959C87}"
EndProject
Global
	GlobalSection(SolutionConfigurationPlatforms) = preSolution
		Debug|Any CPU = Debug|Any CPU
		Release|Any CPU = Release|Any CPU
	EndGlobalSection
	GlobalSection(ProjectConfigurationPlatforms) = postSolution
		{68C0F902-7687-44E7-9190-6B57DC319254}.Debug|Any CPU.ActiveCfg = Debug|Any CPU
		{68C0F902-7687-44E7-9190-6B57DC319254}.Debug|Any CPU.Build.0 = Debug|Any CPU
		{68C0F902-7687-44E7-9190-6B57DC319254}.Release|Any CPU.ActiveCfg = Release|Any CPU
		{68C0F902-7687-44E7-9190-6B57DC319254}.Release|Any CPU.Build.0 = Release|Any CPU
		{1944C693-184F-4C87-91B5-44A922C0AD7A}.Debug|Any CPU.ActiveCfg = Debug|Any CPU
		{1944C693-184F-4C87-91B5-44A922C0AD7A}.Debug|Any CPU.Build.0 = Debug|Any CPU
		{1944C693-184F-4C87-91B5-44A922C0AD7A}.Release|Any CPU.ActiveCfg = Release|Any CPU
		{1944C693-184F-4C87-91B5-44A922C0AD7A}.Release|Any CPU.Build.0 = Release|Any CPU
		{B6D98AD3-C318-49DC-9677-8F94BE63E62E}.Debug|Any CPU.ActiveCfg = Debug|Any CPU
		{B6D98AD3-C318-49DC-9677-8F94BE63E62E}.Debug|Any CPU.Build.0 = Debug|Any CPU
		{B6D98AD3-C318-49DC-9677-8F94BE63E62E}.Release|Any CPU.ActiveCfg = Release|Any CPU
		{B6D98AD3-C318-49DC-9677-8F94BE63E62E}.Release|Any CPU.Build.0 = Release|Any CPU
		{2F4CE0F1-EE6C-44BC-98FD-10C4829A6FF0}.Debug|Any CPU.ActiveCfg = Debug|Any CPU
		{2F4CE0F1-EE6C-44BC-98FD-10C4829A6FF0}.Debug|Any CPU.Build.0 = Debug|Any CPU
		{2F4CE0F1-EE6C-44BC-98FD-10C4829A6FF0}.Release|Any CPU.ActiveCfg = Release|Any CPU
		{2F4CE0F1-EE6C-44BC-98FD-10C4829A6FF0}.Release|Any CPU.Build.0 = Release|Any CPU
		{AF70BE80-717E-43F0-86D3-8F87582A7745}.Debug|Any CPU.ActiveCfg = Debug|Any CPU
		{AF70BE80-717E-43F0-86D3-8F87582A7745}.Debug|Any CPU.Build.0 = Debug|Any CPU
		{AF70BE80-717E-43F0-86D3-8F87582A7745}.Release|Any CPU.ActiveCfg = Release|Any CPU
		{AF70BE80-717E-43F0-86D3-8F87582A7745}.Release|Any CPU.Build.0 = Release|Any CPU
		{BDB27C1D-19D7-44FA-8268-F67694F07D1B}.Debug|Any CPU.ActiveCfg = Debug|Any CPU
		{BDB27C1D-19D7-44FA-8268-F67694F07D1B}.Debug|Any CPU.Build.0 = Debug|Any CPU
		{BDB27C1D-19D7-44FA-8268-F67694F07D1B}.Release|Any CPU.ActiveCfg = Release|Any CPU
		{BDB27C1D-19D7-44FA-8268-F67694F07D1B}.Release|Any CPU.Build.0 = Release|Any CPU
		{4B109C69-83FD-4A13-B10B-E0A59B58B85A}.Debug|Any CPU.ActiveCfg = Debug|Any CPU
		{4B109C69-83FD-4A13-B10B-E0A59B58B85A}.Debug|Any CPU.Build.0 = Debug|Any CPU
		{4B109C69-83FD-4A13-B10B-E0A59B58B85A}.Release|Any CPU.ActiveCfg = Release|Any CPU
		{4B109C69-83FD-4A13-B10B-E0A59B58B85A}.Release|Any CPU.Build.0 = Release|Any CPU
		{B95C5419-2A29-4AB1-933B-E1896F959C87}.Debug|Any CPU.ActiveCfg = Debug|Any CPU
		{B95C5419-2A29-4AB1-933B-E1896F959C87}.Debug|Any CPU.Build.0 = Debug|Any CPU
		{B95C5419-2A29-4AB1-933B-E1896F959C87}.Release|Any CPU.ActiveCfg = Release|Any CPU
		{B95C5419-2A29-4AB1-933B-E1896F959C87}.Release|Any CPU.Build.0 = Release|Any CPU
	EndGlobalSection
	GlobalSection(SolutionProperties) = preSolution
		HideSolutionNode = FALSE
	EndGlobalSection
	GlobalSection(NestedProjects) = preSolution
		{1944C693-184F-4C87-91B5-44A922C0AD7A} = {76DD450F-4427-434B-A2D0-53BF0F77ECD3}
		{B6D98AD3-C318-49DC-9677-8F94BE63E62E} = {7A8CE07B-681B-4FF3-B91C-E0E98173151D}
		{2F4CE0F1-EE6C-44BC-98FD-10C4829A6FF0} = {7A8CE07B-681B-4FF3-B91C-E0E98173151D}
		{AF70BE80-717E-43F0-86D3-8F87582A7745} = {30D209E9-4E53-4C65-B03F-EF489906D39C}
		{BDB27C1D-19D7-44FA-8268-F67694F07D1B} = {30D209E9-4E53-4C65-B03F-EF489906D39C}
		{4B109C69-83FD-4A13-B10B-E0A59B58B85A} = {566563D5-E6FF-4470-9221-1C2BCE6A54B7}
		{B95C5419-2A29-4AB1-933B-E1896F959C87} = {C29A71D6-7A7F-4F28-B528-E30E63966403}
	EndGlobalSection
	GlobalSection(ExtensibilityGlobals) = postSolution
		SolutionGuid = {A7AABA48-F54B-46A9-BCCF-3F7CD00A1875}
	EndGlobalSection
EndGlobal
